// !$*UTF8*$!
{
	archiveVersion = 1;
	classes = {
	};
	objectVersion = 46;
	objects = {

/* Begin PBXBuildFile section */
		200A707E19BCBCE300C8DFA7 /* .cocoadocs.yml in Resources */ = {isa = PBXBuildFile; fileRef = 200A6FE819BCBCE200C8DFA7 /* .cocoadocs.yml */; };
		200A707F19BCBCE300C8DFA7 /* .gitignore in Resources */ = {isa = PBXBuildFile; fileRef = 200A6FE919BCBCE200C8DFA7 /* .gitignore */; };
		200A708019BCBCE300C8DFA7 /* .travis.yml in Resources */ = {isa = PBXBuildFile; fileRef = 200A6FEA19BCBCE200C8DFA7 /* .travis.yml */; };
		200A708119BCBCE300C8DFA7 /* AFHTTPRequestOperation.m in Sources */ = {isa = PBXBuildFile; fileRef = 200A6FED19BCBCE200C8DFA7 /* AFHTTPRequestOperation.m */; };
		200A708219BCBCE300C8DFA7 /* AFHTTPRequestOperationManager.m in Sources */ = {isa = PBXBuildFile; fileRef = 200A6FEF19BCBCE200C8DFA7 /* AFHTTPRequestOperationManager.m */; };
		200A708319BCBCE300C8DFA7 /* AFHTTPSessionManager.m in Sources */ = {isa = PBXBuildFile; fileRef = 200A6FF119BCBCE200C8DFA7 /* AFHTTPSessionManager.m */; };
		200A708419BCBCE300C8DFA7 /* AFNetworkReachabilityManager.m in Sources */ = {isa = PBXBuildFile; fileRef = 200A6FF419BCBCE200C8DFA7 /* AFNetworkReachabilityManager.m */; };
		200A708519BCBCE300C8DFA7 /* AFSecurityPolicy.m in Sources */ = {isa = PBXBuildFile; fileRef = 200A6FF619BCBCE200C8DFA7 /* AFSecurityPolicy.m */; };
		200A708619BCBCE300C8DFA7 /* AFURLConnectionOperation.m in Sources */ = {isa = PBXBuildFile; fileRef = 200A6FF819BCBCE200C8DFA7 /* AFURLConnectionOperation.m */; };
		200A708719BCBCE300C8DFA7 /* AFURLRequestSerialization.m in Sources */ = {isa = PBXBuildFile; fileRef = 200A6FFA19BCBCE200C8DFA7 /* AFURLRequestSerialization.m */; };
		200A708819BCBCE300C8DFA7 /* AFURLResponseSerialization.m in Sources */ = {isa = PBXBuildFile; fileRef = 200A6FFC19BCBCE200C8DFA7 /* AFURLResponseSerialization.m */; };
		200A708919BCBCE300C8DFA7 /* AFURLSessionManager.m in Sources */ = {isa = PBXBuildFile; fileRef = 200A6FFE19BCBCE200C8DFA7 /* AFURLSessionManager.m */; };
		200A708A19BCBCE300C8DFA7 /* AFNetworking.podspec in Resources */ = {isa = PBXBuildFile; fileRef = 200A6FFF19BCBCE200C8DFA7 /* AFNetworking.podspec */; };
		200A708B19BCBCE300C8DFA7 /* AFNetworking.xcworkspace in Resources */ = {isa = PBXBuildFile; fileRef = 200A700019BCBCE200C8DFA7 /* AFNetworking.xcworkspace */; };
		200A708C19BCBCE300C8DFA7 /* CHANGES in Resources */ = {isa = PBXBuildFile; fileRef = 200A700119BCBCE200C8DFA7 /* CHANGES */; };
		200A708D19BCBCE300C8DFA7 /* CONTRIBUTING.md in Resources */ = {isa = PBXBuildFile; fileRef = 200A700219BCBCE200C8DFA7 /* CONTRIBUTING.md */; };
		200A70A419BCBCE300C8DFA7 /* LICENSE in Resources */ = {isa = PBXBuildFile; fileRef = 200A702D19BCBCE300C8DFA7 /* LICENSE */; };
		200A70A519BCBCE300C8DFA7 /* Rakefile in Resources */ = {isa = PBXBuildFile; fileRef = 200A702E19BCBCE300C8DFA7 /* Rakefile */; };
		200A70A619BCBCE300C8DFA7 /* README.md in Resources */ = {isa = PBXBuildFile; fileRef = 200A702F19BCBCE300C8DFA7 /* README.md */; };
		200A70CC19BCBCE300C8DFA7 /* AFNetworkActivityIndicatorManager.m in Sources */ = {isa = PBXBuildFile; fileRef = 200A706E19BCBCE300C8DFA7 /* AFNetworkActivityIndicatorManager.m */; };
		200A70CD19BCBCE300C8DFA7 /* UIActivityIndicatorView+AFNetworking.m in Sources */ = {isa = PBXBuildFile; fileRef = 200A707019BCBCE300C8DFA7 /* UIActivityIndicatorView+AFNetworking.m */; };
		200A70CE19BCBCE300C8DFA7 /* UIAlertView+AFNetworking.m in Sources */ = {isa = PBXBuildFile; fileRef = 200A707219BCBCE300C8DFA7 /* UIAlertView+AFNetworking.m */; };
		200A70CF19BCBCE300C8DFA7 /* UIButton+AFNetworking.m in Sources */ = {isa = PBXBuildFile; fileRef = 200A707419BCBCE300C8DFA7 /* UIButton+AFNetworking.m */; };
		200A70D019BCBCE300C8DFA7 /* UIImageView+AFNetworking.m in Sources */ = {isa = PBXBuildFile; fileRef = 200A707619BCBCE300C8DFA7 /* UIImageView+AFNetworking.m */; };
		200A70D119BCBCE300C8DFA7 /* UIProgressView+AFNetworking.m in Sources */ = {isa = PBXBuildFile; fileRef = 200A707919BCBCE300C8DFA7 /* UIProgressView+AFNetworking.m */; };
		200A70D219BCBCE300C8DFA7 /* UIRefreshControl+AFNetworking.m in Sources */ = {isa = PBXBuildFile; fileRef = 200A707B19BCBCE300C8DFA7 /* UIRefreshControl+AFNetworking.m */; };
		200A70D319BCBCE300C8DFA7 /* UIWebView+AFNetworking.m in Sources */ = {isa = PBXBuildFile; fileRef = 200A707D19BCBCE300C8DFA7 /* UIWebView+AFNetworking.m */; };
		200A70E119BCBED700C8DFA7 /* Security.framework in Frameworks */ = {isa = PBXBuildFile; fileRef = 200A70E019BCBED700C8DFA7 /* Security.framework */; };
		200A70E319BCBEE100C8DFA7 /* MobileCoreServices.framework in Frameworks */ = {isa = PBXBuildFile; fileRef = 200A70E219BCBEE100C8DFA7 /* MobileCoreServices.framework */; };
		200A70E519BCBEED00C8DFA7 /* SystemConfiguration.framework in Frameworks */ = {isa = PBXBuildFile; fileRef = 200A70E419BCBEED00C8DFA7 /* SystemConfiguration.framework */; };
		200A70E619BCBF1F00C8DFA7 /* XCTest.framework in Frameworks */ = {isa = PBXBuildFile; fileRef = 207A7889194DCC1C00C08579 /* XCTest.framework */; };
		201166EA197C028200F9090D /* TSBasicCell.m in Sources */ = {isa = PBXBuildFile; fileRef = 201166E9197C028200F9090D /* TSBasicCell.m */; };
		201166ED197C05AA00F9090D /* TSAuctionInfoViewController.m in Sources */ = {isa = PBXBuildFile; fileRef = 201166EC197C05AA00F9090D /* TSAuctionInfoViewController.m */; };
		201F63AE198E25B700B575E6 /* TSHomeStoryCell.m in Sources */ = {isa = PBXBuildFile; fileRef = 201F63AD198E25B700B575E6 /* TSHomeStoryCell.m */; };
		2023DFD819A0DC8C005A68AD /* TSAuctionViewController.m in Sources */ = {isa = PBXBuildFile; fileRef = 2023DFD719A0DC8C005A68AD /* TSAuctionViewController.m */; };
		2023DFDB19A0DCD0005A68AD /* TSAucitonItemCell.m in Sources */ = {isa = PBXBuildFile; fileRef = 2023DFDA19A0DCD0005A68AD /* TSAucitonItemCell.m */; };
		202B93E819A19B3800AD3D28 /* TSGlobalDataCache.m in Sources */ = {isa = PBXBuildFile; fileRef = 202B93E719A19B3800AD3D28 /* TSGlobalDataCache.m */; };
		202F45A719718ED50051FCF1 /* 01.png in Resources */ = {isa = PBXBuildFile; fileRef = 202F458B19718ED50051FCF1 /* 01.png */; };
		202F45A819718ED50051FCF1 /* nav_title@2x.png in Resources */ = {isa = PBXBuildFile; fileRef = 202F458C19718ED50051FCF1 /* nav_title@2x.png */; };
		202F45A919718ED50051FCF1 /* nav_plus@2x.png in Resources */ = {isa = PBXBuildFile; fileRef = 202F458D19718ED50051FCF1 /* nav_plus@2x.png */; };
		202F45AA19718ED50051FCF1 /* 04.png in Resources */ = {isa = PBXBuildFile; fileRef = 202F458E19718ED50051FCF1 /* 04.png */; };
		202F45AB19718ED50051FCF1 /* icon_more@2x.png in Resources */ = {isa = PBXBuildFile; fileRef = 202F458F19718ED50051FCF1 /* icon_more@2x.png */; };
		202F45AC19718ED50051FCF1 /* home_story_icon@2x.png in Resources */ = {isa = PBXBuildFile; fileRef = 202F459019718ED50051FCF1 /* home_story_icon@2x.png */; };
		202F45AD19718ED50051FCF1 /* 07.png in Resources */ = {isa = PBXBuildFile; fileRef = 202F459119718ED50051FCF1 /* 07.png */; };
		202F45AE19718ED50051FCF1 /* 12.png in Resources */ = {isa = PBXBuildFile; fileRef = 202F459219718ED50051FCF1 /* 12.png */; };
		202F45AF19718ED50051FCF1 /* 13.png in Resources */ = {isa = PBXBuildFile; fileRef = 202F459319718ED50051FCF1 /* 13.png */; };
		202F45B019718ED50051FCF1 /* 14.png in Resources */ = {isa = PBXBuildFile; fileRef = 202F459419718ED50051FCF1 /* 14.png */; };
		202F45B119718ED50051FCF1 /* nav_back@2x.png in Resources */ = {isa = PBXBuildFile; fileRef = 202F459519718ED50051FCF1 /* nav_back@2x.png */; };
		202F45B219718ED50051FCF1 /* home_zan@2x.png in Resources */ = {isa = PBXBuildFile; fileRef = 202F459619718ED50051FCF1 /* home_zan@2x.png */; };
		202F45B319718ED50051FCF1 /* navbar@2x.png in Resources */ = {isa = PBXBuildFile; fileRef = 202F459719718ED50051FCF1 /* navbar@2x.png */; };
		202F45B419718ED50051FCF1 /* 18.png in Resources */ = {isa = PBXBuildFile; fileRef = 202F459819718ED50051FCF1 /* 18.png */; };
		202F45B519718ED50051FCF1 /* 19.png in Resources */ = {isa = PBXBuildFile; fileRef = 202F459919718ED50051FCF1 /* 19.png */; };
		202F45B619718ED50051FCF1 /* default@2x.png in Resources */ = {isa = PBXBuildFile; fileRef = 202F459A19718ED50051FCF1 /* default@2x.png */; };
		202F45B719718ED50051FCF1 /* 21.png in Resources */ = {isa = PBXBuildFile; fileRef = 202F459B19718ED50051FCF1 /* 21.png */; };
		202F45B819718ED50051FCF1 /* 22.png in Resources */ = {isa = PBXBuildFile; fileRef = 202F459C19718ED50051FCF1 /* 22.png */; };
		202F45B919718ED50051FCF1 /* login_username@2x.png in Resources */ = {isa = PBXBuildFile; fileRef = 202F459D19718ED50051FCF1 /* login_username@2x.png */; };
		202F45BA19718ED50051FCF1 /* login_password@2x.png in Resources */ = {isa = PBXBuildFile; fileRef = 202F459E19718ED50051FCF1 /* login_password@2x.png */; };
		202F45BB19718ED50051FCF1 /* loginbg@2x.png in Resources */ = {isa = PBXBuildFile; fileRef = 202F459F19718ED50051FCF1 /* loginbg@2x.png */; };
		202F45BC19718ED50051FCF1 /* 26.png in Resources */ = {isa = PBXBuildFile; fileRef = 202F45A019718ED50051FCF1 /* 26.png */; };
		202F45BD19718ED50051FCF1 /* 27.png in Resources */ = {isa = PBXBuildFile; fileRef = 202F45A119718ED50051FCF1 /* 27.png */; };
		202F45BE19718ED50051FCF1 /* 28.png in Resources */ = {isa = PBXBuildFile; fileRef = 202F45A219718ED50051FCF1 /* 28.png */; };
		202F45BF19718ED50051FCF1 /* 29.png in Resources */ = {isa = PBXBuildFile; fileRef = 202F45A319718ED50051FCF1 /* 29.png */; };
		202F45C019718ED50051FCF1 /* tabbar_image0_normal@2x.png in Resources */ = {isa = PBXBuildFile; fileRef = 202F45A419718ED50051FCF1 /* tabbar_image0_normal@2x.png */; };
		202F45C119718ED50051FCF1 /* tabbar_image1_normal@2x.png in Resources */ = {isa = PBXBuildFile; fileRef = 202F45A519718ED50051FCF1 /* tabbar_image1_normal@2x.png */; };
		202F45C219718ED50051FCF1 /* tabbar_image2_normal@2x.png in Resources */ = {isa = PBXBuildFile; fileRef = 202F45A619718ED50051FCF1 /* tabbar_image2_normal@2x.png */; };
		203247DF19B2E41F0049A246 /* TSLoginViewController.m in Sources */ = {isa = PBXBuildFile; fileRef = 203247DE19B2E41F0049A246 /* TSLoginViewController.m */; };
		203247E119B2E5030049A246 /* register_bkg@2x.jpg in Resources */ = {isa = PBXBuildFile; fileRef = 203247E019B2E5030049A246 /* register_bkg@2x.jpg */; };
		203247E319B2E6E90049A246 /* login_bkg@2x.jpg in Resources */ = {isa = PBXBuildFile; fileRef = 203247E219B2E6E90049A246 /* login_bkg@2x.jpg */; };
		204AD37F19895BD400D787DE /* TSAuctionInfoCell.m in Sources */ = {isa = PBXBuildFile; fileRef = 204AD37E19895BD400D787DE /* TSAuctionInfoCell.m */; };
		204AD3821989631E00D787DE /* TSMineViewController.m in Sources */ = {isa = PBXBuildFile; fileRef = 204AD3811989631E00D787DE /* TSMineViewController.m */; };
		205BC221198E9D2B004206DD /* TSStoryViewController.m in Sources */ = {isa = PBXBuildFile; fileRef = 205BC220198E9D2B004206DD /* TSStoryViewController.m */; };
		207A786B194DCC1B00C08579 /* Foundation.framework in Frameworks */ = {isa = PBXBuildFile; fileRef = 207A786A194DCC1B00C08579 /* Foundation.framework */; };
		207A786D194DCC1B00C08579 /* CoreGraphics.framework in Frameworks */ = {isa = PBXBuildFile; fileRef = 207A786C194DCC1B00C08579 /* CoreGraphics.framework */; };
		207A786F194DCC1B00C08579 /* UIKit.framework in Frameworks */ = {isa = PBXBuildFile; fileRef = 207A786E194DCC1B00C08579 /* UIKit.framework */; };
		207A7875194DCC1B00C08579 /* InfoPlist.strings in Resources */ = {isa = PBXBuildFile; fileRef = 207A7873194DCC1B00C08579 /* InfoPlist.strings */; };
		207A7877194DCC1B00C08579 /* main.m in Sources */ = {isa = PBXBuildFile; fileRef = 207A7876194DCC1B00C08579 /* main.m */; };
		207A787B194DCC1B00C08579 /* AppDelegate.m in Sources */ = {isa = PBXBuildFile; fileRef = 207A787A194DCC1B00C08579 /* AppDelegate.m */; };
		207A787E194DCC1B00C08579 /* Main.storyboard in Resources */ = {isa = PBXBuildFile; fileRef = 207A787C194DCC1B00C08579 /* Main.storyboard */; };
		207A7883194DCC1B00C08579 /* Images.xcassets in Resources */ = {isa = PBXBuildFile; fileRef = 207A7882194DCC1B00C08579 /* Images.xcassets */; };
		207A788A194DCC1C00C08579 /* XCTest.framework in Frameworks */ = {isa = PBXBuildFile; fileRef = 207A7889194DCC1C00C08579 /* XCTest.framework */; };
		207A788B194DCC1C00C08579 /* Foundation.framework in Frameworks */ = {isa = PBXBuildFile; fileRef = 207A786A194DCC1B00C08579 /* Foundation.framework */; };
		207A788C194DCC1C00C08579 /* UIKit.framework in Frameworks */ = {isa = PBXBuildFile; fileRef = 207A786E194DCC1B00C08579 /* UIKit.framework */; };
		207A7894194DCC1C00C08579 /* InfoPlist.strings in Resources */ = {isa = PBXBuildFile; fileRef = 207A7892194DCC1C00C08579 /* InfoPlist.strings */; };
		207A7896194DCC1C00C08579 /* TingShuoTests.m in Sources */ = {isa = PBXBuildFile; fileRef = 207A7895194DCC1C00C08579 /* TingShuoTests.m */; };
		207A78A1194DCF4400C08579 /* TSHomeViewController.m in Sources */ = {isa = PBXBuildFile; fileRef = 207A78A0194DCF4400C08579 /* TSHomeViewController.m */; };
		207A78A4194DD22200C08579 /* TSTabBarController.m in Sources */ = {isa = PBXBuildFile; fileRef = 207A78A3194DD22200C08579 /* TSTabBarController.m */; };
/* End PBXBuildFile section */

/* Begin PBXContainerItemProxy section */
		207A788D194DCC1C00C08579 /* PBXContainerItemProxy */ = {
			isa = PBXContainerItemProxy;
			containerPortal = 207A785F194DCC1B00C08579 /* Project object */;
			proxyType = 1;
			remoteGlobalIDString = 207A7866194DCC1B00C08579;
			remoteInfo = TingShuo;
		};
/* End PBXContainerItemProxy section */

/* Begin PBXFileReference section */
		200A6FE819BCBCE200C8DFA7 /* .cocoadocs.yml */ = {isa = PBXFileReference; fileEncoding = 4; lastKnownFileType = text; path = .cocoadocs.yml; sourceTree = "<group>"; };
		200A6FE919BCBCE200C8DFA7 /* .gitignore */ = {isa = PBXFileReference; fileEncoding = 4; lastKnownFileType = text; path = .gitignore; sourceTree = "<group>"; };
		200A6FEA19BCBCE200C8DFA7 /* .travis.yml */ = {isa = PBXFileReference; fileEncoding = 4; lastKnownFileType = text; path = .travis.yml; sourceTree = "<group>"; };
		200A6FEC19BCBCE200C8DFA7 /* AFHTTPRequestOperation.h */ = {isa = PBXFileReference; fileEncoding = 4; lastKnownFileType = sourcecode.c.h; path = AFHTTPRequestOperation.h; sourceTree = "<group>"; };
		200A6FED19BCBCE200C8DFA7 /* AFHTTPRequestOperation.m */ = {isa = PBXFileReference; fileEncoding = 4; lastKnownFileType = sourcecode.c.objc; path = AFHTTPRequestOperation.m; sourceTree = "<group>"; };
		200A6FEE19BCBCE200C8DFA7 /* AFHTTPRequestOperationManager.h */ = {isa = PBXFileReference; fileEncoding = 4; lastKnownFileType = sourcecode.c.h; path = AFHTTPRequestOperationManager.h; sourceTree = "<group>"; };
		200A6FEF19BCBCE200C8DFA7 /* AFHTTPRequestOperationManager.m */ = {isa = PBXFileReference; fileEncoding = 4; lastKnownFileType = sourcecode.c.objc; path = AFHTTPRequestOperationManager.m; sourceTree = "<group>"; };
		200A6FF019BCBCE200C8DFA7 /* AFHTTPSessionManager.h */ = {isa = PBXFileReference; fileEncoding = 4; lastKnownFileType = sourcecode.c.h; path = AFHTTPSessionManager.h; sourceTree = "<group>"; };
		200A6FF119BCBCE200C8DFA7 /* AFHTTPSessionManager.m */ = {isa = PBXFileReference; fileEncoding = 4; lastKnownFileType = sourcecode.c.objc; path = AFHTTPSessionManager.m; sourceTree = "<group>"; };
		200A6FF219BCBCE200C8DFA7 /* AFNetworking.h */ = {isa = PBXFileReference; fileEncoding = 4; lastKnownFileType = sourcecode.c.h; path = AFNetworking.h; sourceTree = "<group>"; };
		200A6FF319BCBCE200C8DFA7 /* AFNetworkReachabilityManager.h */ = {isa = PBXFileReference; fileEncoding = 4; lastKnownFileType = sourcecode.c.h; path = AFNetworkReachabilityManager.h; sourceTree = "<group>"; };
		200A6FF419BCBCE200C8DFA7 /* AFNetworkReachabilityManager.m */ = {isa = PBXFileReference; fileEncoding = 4; lastKnownFileType = sourcecode.c.objc; path = AFNetworkReachabilityManager.m; sourceTree = "<group>"; };
		200A6FF519BCBCE200C8DFA7 /* AFSecurityPolicy.h */ = {isa = PBXFileReference; fileEncoding = 4; lastKnownFileType = sourcecode.c.h; path = AFSecurityPolicy.h; sourceTree = "<group>"; };
		200A6FF619BCBCE200C8DFA7 /* AFSecurityPolicy.m */ = {isa = PBXFileReference; fileEncoding = 4; lastKnownFileType = sourcecode.c.objc; path = AFSecurityPolicy.m; sourceTree = "<group>"; };
		200A6FF719BCBCE200C8DFA7 /* AFURLConnectionOperation.h */ = {isa = PBXFileReference; fileEncoding = 4; lastKnownFileType = sourcecode.c.h; path = AFURLConnectionOperation.h; sourceTree = "<group>"; };
		200A6FF819BCBCE200C8DFA7 /* AFURLConnectionOperation.m */ = {isa = PBXFileReference; fileEncoding = 4; lastKnownFileType = sourcecode.c.objc; path = AFURLConnectionOperation.m; sourceTree = "<group>"; };
		200A6FF919BCBCE200C8DFA7 /* AFURLRequestSerialization.h */ = {isa = PBXFileReference; fileEncoding = 4; lastKnownFileType = sourcecode.c.h; path = AFURLRequestSerialization.h; sourceTree = "<group>"; };
		200A6FFA19BCBCE200C8DFA7 /* AFURLRequestSerialization.m */ = {isa = PBXFileReference; fileEncoding = 4; lastKnownFileType = sourcecode.c.objc; path = AFURLRequestSerialization.m; sourceTree = "<group>"; };
		200A6FFB19BCBCE200C8DFA7 /* AFURLResponseSerialization.h */ = {isa = PBXFileReference; fileEncoding = 4; lastKnownFileType = sourcecode.c.h; path = AFURLResponseSerialization.h; sourceTree = "<group>"; };
		200A6FFC19BCBCE200C8DFA7 /* AFURLResponseSerialization.m */ = {isa = PBXFileReference; fileEncoding = 4; lastKnownFileType = sourcecode.c.objc; path = AFURLResponseSerialization.m; sourceTree = "<group>"; };
		200A6FFD19BCBCE200C8DFA7 /* AFURLSessionManager.h */ = {isa = PBXFileReference; fileEncoding = 4; lastKnownFileType = sourcecode.c.h; path = AFURLSessionManager.h; sourceTree = "<group>"; };
		200A6FFE19BCBCE200C8DFA7 /* AFURLSessionManager.m */ = {isa = PBXFileReference; fileEncoding = 4; lastKnownFileType = sourcecode.c.objc; path = AFURLSessionManager.m; sourceTree = "<group>"; };
		200A6FFF19BCBCE200C8DFA7 /* AFNetworking.podspec */ = {isa = PBXFileReference; fileEncoding = 4; lastKnownFileType = text; path = AFNetworking.podspec; sourceTree = "<group>"; };
		200A700019BCBCE200C8DFA7 /* AFNetworking.xcworkspace */ = {isa = PBXFileReference; lastKnownFileType = wrapper.workspace; path = AFNetworking.xcworkspace; sourceTree = "<group>"; };
		200A700119BCBCE200C8DFA7 /* CHANGES */ = {isa = PBXFileReference; fileEncoding = 4; lastKnownFileType = text; path = CHANGES; sourceTree = "<group>"; };
		200A700219BCBCE200C8DFA7 /* CONTRIBUTING.md */ = {isa = PBXFileReference; fileEncoding = 4; lastKnownFileType = text; path = CONTRIBUTING.md; sourceTree = "<group>"; };
		200A702D19BCBCE300C8DFA7 /* LICENSE */ = {isa = PBXFileReference; fileEncoding = 4; lastKnownFileType = text; path = LICENSE; sourceTree = "<group>"; };
		200A702E19BCBCE300C8DFA7 /* Rakefile */ = {isa = PBXFileReference; fileEncoding = 4; lastKnownFileType = text; path = Rakefile; sourceTree = "<group>"; };
		200A702F19BCBCE300C8DFA7 /* README.md */ = {isa = PBXFileReference; fileEncoding = 4; lastKnownFileType = text; path = README.md; sourceTree = "<group>"; };
		200A706D19BCBCE300C8DFA7 /* AFNetworkActivityIndicatorManager.h */ = {isa = PBXFileReference; fileEncoding = 4; lastKnownFileType = sourcecode.c.h; path = AFNetworkActivityIndicatorManager.h; sourceTree = "<group>"; };
		200A706E19BCBCE300C8DFA7 /* AFNetworkActivityIndicatorManager.m */ = {isa = PBXFileReference; fileEncoding = 4; lastKnownFileType = sourcecode.c.objc; path = AFNetworkActivityIndicatorManager.m; sourceTree = "<group>"; };
		200A706F19BCBCE300C8DFA7 /* UIActivityIndicatorView+AFNetworking.h */ = {isa = PBXFileReference; fileEncoding = 4; lastKnownFileType = sourcecode.c.h; path = "UIActivityIndicatorView+AFNetworking.h"; sourceTree = "<group>"; };
		200A707019BCBCE300C8DFA7 /* UIActivityIndicatorView+AFNetworking.m */ = {isa = PBXFileReference; fileEncoding = 4; lastKnownFileType = sourcecode.c.objc; path = "UIActivityIndicatorView+AFNetworking.m"; sourceTree = "<group>"; };
		200A707119BCBCE300C8DFA7 /* UIAlertView+AFNetworking.h */ = {isa = PBXFileReference; fileEncoding = 4; lastKnownFileType = sourcecode.c.h; path = "UIAlertView+AFNetworking.h"; sourceTree = "<group>"; };
		200A707219BCBCE300C8DFA7 /* UIAlertView+AFNetworking.m */ = {isa = PBXFileReference; fileEncoding = 4; lastKnownFileType = sourcecode.c.objc; path = "UIAlertView+AFNetworking.m"; sourceTree = "<group>"; };
		200A707319BCBCE300C8DFA7 /* UIButton+AFNetworking.h */ = {isa = PBXFileReference; fileEncoding = 4; lastKnownFileType = sourcecode.c.h; path = "UIButton+AFNetworking.h"; sourceTree = "<group>"; };
		200A707419BCBCE300C8DFA7 /* UIButton+AFNetworking.m */ = {isa = PBXFileReference; fileEncoding = 4; lastKnownFileType = sourcecode.c.objc; path = "UIButton+AFNetworking.m"; sourceTree = "<group>"; };
		200A707519BCBCE300C8DFA7 /* UIImageView+AFNetworking.h */ = {isa = PBXFileReference; fileEncoding = 4; lastKnownFileType = sourcecode.c.h; path = "UIImageView+AFNetworking.h"; sourceTree = "<group>"; };
		200A707619BCBCE300C8DFA7 /* UIImageView+AFNetworking.m */ = {isa = PBXFileReference; fileEncoding = 4; lastKnownFileType = sourcecode.c.objc; path = "UIImageView+AFNetworking.m"; sourceTree = "<group>"; };
		200A707719BCBCE300C8DFA7 /* UIKit+AFNetworking.h */ = {isa = PBXFileReference; fileEncoding = 4; lastKnownFileType = sourcecode.c.h; path = "UIKit+AFNetworking.h"; sourceTree = "<group>"; };
		200A707819BCBCE300C8DFA7 /* UIProgressView+AFNetworking.h */ = {isa = PBXFileReference; fileEncoding = 4; lastKnownFileType = sourcecode.c.h; path = "UIProgressView+AFNetworking.h"; sourceTree = "<group>"; };
		200A707919BCBCE300C8DFA7 /* UIProgressView+AFNetworking.m */ = {isa = PBXFileReference; fileEncoding = 4; lastKnownFileType = sourcecode.c.objc; path = "UIProgressView+AFNetworking.m"; sourceTree = "<group>"; };
		200A707A19BCBCE300C8DFA7 /* UIRefreshControl+AFNetworking.h */ = {isa = PBXFileReference; fileEncoding = 4; lastKnownFileType = sourcecode.c.h; path = "UIRefreshControl+AFNetworking.h"; sourceTree = "<group>"; };
		200A707B19BCBCE300C8DFA7 /* UIRefreshControl+AFNetworking.m */ = {isa = PBXFileReference; fileEncoding = 4; lastKnownFileType = sourcecode.c.objc; path = "UIRefreshControl+AFNetworking.m"; sourceTree = "<group>"; };
		200A707C19BCBCE300C8DFA7 /* UIWebView+AFNetworking.h */ = {isa = PBXFileReference; fileEncoding = 4; lastKnownFileType = sourcecode.c.h; path = "UIWebView+AFNetworking.h"; sourceTree = "<group>"; };
		200A707D19BCBCE300C8DFA7 /* UIWebView+AFNetworking.m */ = {isa = PBXFileReference; fileEncoding = 4; lastKnownFileType = sourcecode.c.objc; path = "UIWebView+AFNetworking.m"; sourceTree = "<group>"; };
		200A70E019BCBED700C8DFA7 /* Security.framework */ = {isa = PBXFileReference; lastKnownFileType = wrapper.framework; name = Security.framework; path = System/Library/Frameworks/Security.framework; sourceTree = SDKROOT; };
		200A70E219BCBEE100C8DFA7 /* MobileCoreServices.framework */ = {isa = PBXFileReference; lastKnownFileType = wrapper.framework; name = MobileCoreServices.framework; path = System/Library/Frameworks/MobileCoreServices.framework; sourceTree = SDKROOT; };
		200A70E419BCBEED00C8DFA7 /* SystemConfiguration.framework */ = {isa = PBXFileReference; lastKnownFileType = wrapper.framework; name = SystemConfiguration.framework; path = System/Library/Frameworks/SystemConfiguration.framework; sourceTree = SDKROOT; };
		201166E8197C028200F9090D /* TSBasicCell.h */ = {isa = PBXFileReference; fileEncoding = 4; lastKnownFileType = sourcecode.c.h; path = TSBasicCell.h; sourceTree = "<group>"; };
		201166E9197C028200F9090D /* TSBasicCell.m */ = {isa = PBXFileReference; fileEncoding = 4; lastKnownFileType = sourcecode.c.objc; path = TSBasicCell.m; sourceTree = "<group>"; };
		201166EB197C05AA00F9090D /* TSAuctionInfoViewController.h */ = {isa = PBXFileReference; fileEncoding = 4; lastKnownFileType = sourcecode.c.h; path = TSAuctionInfoViewController.h; sourceTree = "<group>"; };
		201166EC197C05AA00F9090D /* TSAuctionInfoViewController.m */ = {isa = PBXFileReference; fileEncoding = 4; lastKnownFileType = sourcecode.c.objc; path = TSAuctionInfoViewController.m; sourceTree = "<group>"; };
		201F63AC198E25B700B575E6 /* TSHomeStoryCell.h */ = {isa = PBXFileReference; fileEncoding = 4; lastKnownFileType = sourcecode.c.h; path = TSHomeStoryCell.h; sourceTree = "<group>"; };
		201F63AD198E25B700B575E6 /* TSHomeStoryCell.m */ = {isa = PBXFileReference; fileEncoding = 4; lastKnownFileType = sourcecode.c.objc; path = TSHomeStoryCell.m; sourceTree = "<group>"; };
		2023DFD619A0DC8C005A68AD /* TSAuctionViewController.h */ = {isa = PBXFileReference; fileEncoding = 4; lastKnownFileType = sourcecode.c.h; path = TSAuctionViewController.h; sourceTree = "<group>"; };
		2023DFD719A0DC8C005A68AD /* TSAuctionViewController.m */ = {isa = PBXFileReference; fileEncoding = 4; lastKnownFileType = sourcecode.c.objc; path = TSAuctionViewController.m; sourceTree = "<group>"; };
		2023DFD919A0DCD0005A68AD /* TSAucitonItemCell.h */ = {isa = PBXFileReference; fileEncoding = 4; lastKnownFileType = sourcecode.c.h; path = TSAucitonItemCell.h; sourceTree = "<group>"; };
		2023DFDA19A0DCD0005A68AD /* TSAucitonItemCell.m */ = {isa = PBXFileReference; fileEncoding = 4; lastKnownFileType = sourcecode.c.objc; path = TSAucitonItemCell.m; sourceTree = "<group>"; };
		202B93E619A19B3800AD3D28 /* TSGlobalDataCache.h */ = {isa = PBXFileReference; fileEncoding = 4; lastKnownFileType = sourcecode.c.h; path = TSGlobalDataCache.h; sourceTree = "<group>"; };
		202B93E719A19B3800AD3D28 /* TSGlobalDataCache.m */ = {isa = PBXFileReference; fileEncoding = 4; lastKnownFileType = sourcecode.c.objc; path = TSGlobalDataCache.m; sourceTree = "<group>"; };
		202F458B19718ED50051FCF1 /* 01.png */ = {isa = PBXFileReference; lastKnownFileType = image.png; path = 01.png; sourceTree = "<group>"; };
		202F458C19718ED50051FCF1 /* nav_title@2x.png */ = {isa = PBXFileReference; lastKnownFileType = image.png; path = "nav_title@2x.png"; sourceTree = "<group>"; };
		202F458D19718ED50051FCF1 /* nav_plus@2x.png */ = {isa = PBXFileReference; lastKnownFileType = image.png; path = "nav_plus@2x.png"; sourceTree = "<group>"; };
		202F458E19718ED50051FCF1 /* 04.png */ = {isa = PBXFileReference; lastKnownFileType = image.png; path = 04.png; sourceTree = "<group>"; };
		202F458F19718ED50051FCF1 /* icon_more@2x.png */ = {isa = PBXFileReference; lastKnownFileType = image.png; path = "icon_more@2x.png"; sourceTree = "<group>"; };
		202F459019718ED50051FCF1 /* home_story_icon@2x.png */ = {isa = PBXFileReference; lastKnownFileType = image.png; path = "home_story_icon@2x.png"; sourceTree = "<group>"; };
		202F459119718ED50051FCF1 /* 07.png */ = {isa = PBXFileReference; lastKnownFileType = image.png; path = 07.png; sourceTree = "<group>"; };
		202F459219718ED50051FCF1 /* 12.png */ = {isa = PBXFileReference; lastKnownFileType = image.png; path = 12.png; sourceTree = "<group>"; };
		202F459319718ED50051FCF1 /* 13.png */ = {isa = PBXFileReference; lastKnownFileType = image.png; path = 13.png; sourceTree = "<group>"; };
		202F459419718ED50051FCF1 /* 14.png */ = {isa = PBXFileReference; lastKnownFileType = image.png; path = 14.png; sourceTree = "<group>"; };
		202F459519718ED50051FCF1 /* nav_back@2x.png */ = {isa = PBXFileReference; lastKnownFileType = image.png; path = "nav_back@2x.png"; sourceTree = "<group>"; };
		202F459619718ED50051FCF1 /* home_zan@2x.png */ = {isa = PBXFileReference; lastKnownFileType = image.png; path = "home_zan@2x.png"; sourceTree = "<group>"; };
		202F459719718ED50051FCF1 /* navbar@2x.png */ = {isa = PBXFileReference; lastKnownFileType = image.png; path = "navbar@2x.png"; sourceTree = "<group>"; };
		202F459819718ED50051FCF1 /* 18.png */ = {isa = PBXFileReference; lastKnownFileType = image.png; path = 18.png; sourceTree = "<group>"; };
		202F459919718ED50051FCF1 /* 19.png */ = {isa = PBXFileReference; lastKnownFileType = image.png; path = 19.png; sourceTree = "<group>"; };
		202F459A19718ED50051FCF1 /* default@2x.png */ = {isa = PBXFileReference; lastKnownFileType = image.png; path = "default@2x.png"; sourceTree = "<group>"; };
		202F459B19718ED50051FCF1 /* 21.png */ = {isa = PBXFileReference; lastKnownFileType = image.png; path = 21.png; sourceTree = "<group>"; };
		202F459C19718ED50051FCF1 /* 22.png */ = {isa = PBXFileReference; lastKnownFileType = image.png; path = 22.png; sourceTree = "<group>"; };
		202F459D19718ED50051FCF1 /* login_username@2x.png */ = {isa = PBXFileReference; lastKnownFileType = image.png; path = "login_username@2x.png"; sourceTree = "<group>"; };
		202F459E19718ED50051FCF1 /* login_password@2x.png */ = {isa = PBXFileReference; lastKnownFileType = image.png; path = "login_password@2x.png"; sourceTree = "<group>"; };
		202F459F19718ED50051FCF1 /* loginbg@2x.png */ = {isa = PBXFileReference; lastKnownFileType = image.png; path = "loginbg@2x.png"; sourceTree = "<group>"; };
		202F45A019718ED50051FCF1 /* 26.png */ = {isa = PBXFileReference; lastKnownFileType = image.png; path = 26.png; sourceTree = "<group>"; };
		202F45A119718ED50051FCF1 /* 27.png */ = {isa = PBXFileReference; lastKnownFileType = image.png; path = 27.png; sourceTree = "<group>"; };
		202F45A219718ED50051FCF1 /* 28.png */ = {isa = PBXFileReference; lastKnownFileType = image.png; path = 28.png; sourceTree = "<group>"; };
		202F45A319718ED50051FCF1 /* 29.png */ = {isa = PBXFileReference; lastKnownFileType = image.png; path = 29.png; sourceTree = "<group>"; };
		202F45A419718ED50051FCF1 /* tabbar_image0_normal@2x.png */ = {isa = PBXFileReference; lastKnownFileType = image.png; path = "tabbar_image0_normal@2x.png"; sourceTree = "<group>"; };
		202F45A519718ED50051FCF1 /* tabbar_image1_normal@2x.png */ = {isa = PBXFileReference; lastKnownFileType = image.png; path = "tabbar_image1_normal@2x.png"; sourceTree = "<group>"; };
		202F45A619718ED50051FCF1 /* tabbar_image2_normal@2x.png */ = {isa = PBXFileReference; lastKnownFileType = image.png; path = "tabbar_image2_normal@2x.png"; sourceTree = "<group>"; };
		203247DD19B2E41F0049A246 /* TSLoginViewController.h */ = {isa = PBXFileReference; fileEncoding = 4; lastKnownFileType = sourcecode.c.h; path = TSLoginViewController.h; sourceTree = "<group>"; };
		203247DE19B2E41F0049A246 /* TSLoginViewController.m */ = {isa = PBXFileReference; fileEncoding = 4; lastKnownFileType = sourcecode.c.objc; path = TSLoginViewController.m; sourceTree = "<group>"; };
		203247E019B2E5030049A246 /* register_bkg@2x.jpg */ = {isa = PBXFileReference; lastKnownFileType = image.jpeg; path = "register_bkg@2x.jpg"; sourceTree = "<group>"; };
		203247E219B2E6E90049A246 /* login_bkg@2x.jpg */ = {isa = PBXFileReference; lastKnownFileType = image.jpeg; path = "login_bkg@2x.jpg"; sourceTree = "<group>"; };
		204AD37D19895BD400D787DE /* TSAuctionInfoCell.h */ = {isa = PBXFileReference; fileEncoding = 4; lastKnownFileType = sourcecode.c.h; path = TSAuctionInfoCell.h; sourceTree = "<group>"; };
		204AD37E19895BD400D787DE /* TSAuctionInfoCell.m */ = {isa = PBXFileReference; fileEncoding = 4; lastKnownFileType = sourcecode.c.objc; path = TSAuctionInfoCell.m; sourceTree = "<group>"; };
		204AD3801989631E00D787DE /* TSMineViewController.h */ = {isa = PBXFileReference; fileEncoding = 4; lastKnownFileType = sourcecode.c.h; path = TSMineViewController.h; sourceTree = "<group>"; };
		204AD3811989631E00D787DE /* TSMineViewController.m */ = {isa = PBXFileReference; fileEncoding = 4; lastKnownFileType = sourcecode.c.objc; path = TSMineViewController.m; sourceTree = "<group>"; };
		205BC21F198E9D2B004206DD /* TSStoryViewController.h */ = {isa = PBXFileReference; fileEncoding = 4; lastKnownFileType = sourcecode.c.h; path = TSStoryViewController.h; sourceTree = "<group>"; };
		205BC220198E9D2B004206DD /* TSStoryViewController.m */ = {isa = PBXFileReference; fileEncoding = 4; lastKnownFileType = sourcecode.c.objc; path = TSStoryViewController.m; sourceTree = "<group>"; };
		207A7867194DCC1B00C08579 /* TingShuo.app */ = {isa = PBXFileReference; explicitFileType = wrapper.application; includeInIndex = 0; path = TingShuo.app; sourceTree = BUILT_PRODUCTS_DIR; };
		207A786A194DCC1B00C08579 /* Foundation.framework */ = {isa = PBXFileReference; lastKnownFileType = wrapper.framework; name = Foundation.framework; path = System/Library/Frameworks/Foundation.framework; sourceTree = SDKROOT; };
		207A786C194DCC1B00C08579 /* CoreGraphics.framework */ = {isa = PBXFileReference; lastKnownFileType = wrapper.framework; name = CoreGraphics.framework; path = System/Library/Frameworks/CoreGraphics.framework; sourceTree = SDKROOT; };
		207A786E194DCC1B00C08579 /* UIKit.framework */ = {isa = PBXFileReference; lastKnownFileType = wrapper.framework; name = UIKit.framework; path = System/Library/Frameworks/UIKit.framework; sourceTree = SDKROOT; };
		207A7872194DCC1B00C08579 /* TingShuo-Info.plist */ = {isa = PBXFileReference; lastKnownFileType = text.plist.xml; path = "TingShuo-Info.plist"; sourceTree = "<group>"; };
		207A7874194DCC1B00C08579 /* en */ = {isa = PBXFileReference; lastKnownFileType = text.plist.strings; name = en; path = en.lproj/InfoPlist.strings; sourceTree = "<group>"; };
		207A7876194DCC1B00C08579 /* main.m */ = {isa = PBXFileReference; lastKnownFileType = sourcecode.c.objc; path = main.m; sourceTree = "<group>"; };
		207A7878194DCC1B00C08579 /* TingShuo-Prefix.pch */ = {isa = PBXFileReference; lastKnownFileType = sourcecode.c.h; path = "TingShuo-Prefix.pch"; sourceTree = "<group>"; };
		207A7879194DCC1B00C08579 /* AppDelegate.h */ = {isa = PBXFileReference; lastKnownFileType = sourcecode.c.h; path = AppDelegate.h; sourceTree = "<group>"; };
		207A787A194DCC1B00C08579 /* AppDelegate.m */ = {isa = PBXFileReference; lastKnownFileType = sourcecode.c.objc; path = AppDelegate.m; sourceTree = "<group>"; };
		207A787D194DCC1B00C08579 /* Base */ = {isa = PBXFileReference; lastKnownFileType = file.storyboard; name = Base; path = Base.lproj/Main.storyboard; sourceTree = "<group>"; };
		207A7882194DCC1B00C08579 /* Images.xcassets */ = {isa = PBXFileReference; lastKnownFileType = folder.assetcatalog; path = Images.xcassets; sourceTree = "<group>"; };
		207A7888194DCC1C00C08579 /* TingShuoTests.xctest */ = {isa = PBXFileReference; explicitFileType = wrapper.cfbundle; includeInIndex = 0; path = TingShuoTests.xctest; sourceTree = BUILT_PRODUCTS_DIR; };
		207A7889194DCC1C00C08579 /* XCTest.framework */ = {isa = PBXFileReference; lastKnownFileType = wrapper.framework; name = XCTest.framework; path = Library/Frameworks/XCTest.framework; sourceTree = DEVELOPER_DIR; };
		207A7891194DCC1C00C08579 /* TingShuoTests-Info.plist */ = {isa = PBXFileReference; lastKnownFileType = text.plist.xml; path = "TingShuoTests-Info.plist"; sourceTree = "<group>"; };
		207A7893194DCC1C00C08579 /* en */ = {isa = PBXFileReference; lastKnownFileType = text.plist.strings; name = en; path = en.lproj/InfoPlist.strings; sourceTree = "<group>"; };
		207A7895194DCC1C00C08579 /* TingShuoTests.m */ = {isa = PBXFileReference; lastKnownFileType = sourcecode.c.objc; path = TingShuoTests.m; sourceTree = "<group>"; };
		207A789F194DCF4400C08579 /* TSHomeViewController.h */ = {isa = PBXFileReference; fileEncoding = 4; lastKnownFileType = sourcecode.c.h; name = TSHomeViewController.h; path = ../TSHomeViewController.h; sourceTree = "<group>"; };
		207A78A0194DCF4400C08579 /* TSHomeViewController.m */ = {isa = PBXFileReference; fileEncoding = 4; lastKnownFileType = sourcecode.c.objc; name = TSHomeViewController.m; path = ../TSHomeViewController.m; sourceTree = "<group>"; };
		207A78A2194DD22200C08579 /* TSTabBarController.h */ = {isa = PBXFileReference; fileEncoding = 4; lastKnownFileType = sourcecode.c.h; path = TSTabBarController.h; sourceTree = "<group>"; };
		207A78A3194DD22200C08579 /* TSTabBarController.m */ = {isa = PBXFileReference; fileEncoding = 4; lastKnownFileType = sourcecode.c.objc; path = TSTabBarController.m; sourceTree = "<group>"; };
/* End PBXFileReference section */

/* Begin PBXFrameworksBuildPhase section */
		207A7864194DCC1B00C08579 /* Frameworks */ = {
			isa = PBXFrameworksBuildPhase;
			buildActionMask = 2147483647;
			files = (
				200A70E619BCBF1F00C8DFA7 /* XCTest.framework in Frameworks */,
				200A70E519BCBEED00C8DFA7 /* SystemConfiguration.framework in Frameworks */,
				200A70E319BCBEE100C8DFA7 /* MobileCoreServices.framework in Frameworks */,
				200A70E119BCBED700C8DFA7 /* Security.framework in Frameworks */,
				207A786D194DCC1B00C08579 /* CoreGraphics.framework in Frameworks */,
				207A786F194DCC1B00C08579 /* UIKit.framework in Frameworks */,
				207A786B194DCC1B00C08579 /* Foundation.framework in Frameworks */,
			);
			runOnlyForDeploymentPostprocessing = 0;
		};
		207A7885194DCC1C00C08579 /* Frameworks */ = {
			isa = PBXFrameworksBuildPhase;
			buildActionMask = 2147483647;
			files = (
				207A788A194DCC1C00C08579 /* XCTest.framework in Frameworks */,
				207A788C194DCC1C00C08579 /* UIKit.framework in Frameworks */,
				207A788B194DCC1C00C08579 /* Foundation.framework in Frameworks */,
			);
			runOnlyForDeploymentPostprocessing = 0;
		};
/* End PBXFrameworksBuildPhase section */

/* Begin PBXGroup section */
		200A6FE719BCBCE200C8DFA7 /* AFNetworking */ = {
			isa = PBXGroup;
			children = (
				200A6FE819BCBCE200C8DFA7 /* .cocoadocs.yml */,
				200A6FE919BCBCE200C8DFA7 /* .gitignore */,
				200A6FEA19BCBCE200C8DFA7 /* .travis.yml */,
				200A6FEB19BCBCE200C8DFA7 /* AFNetworking */,
				200A6FFF19BCBCE200C8DFA7 /* AFNetworking.podspec */,
				200A700019BCBCE200C8DFA7 /* AFNetworking.xcworkspace */,
				200A700119BCBCE200C8DFA7 /* CHANGES */,
				200A700219BCBCE200C8DFA7 /* CONTRIBUTING.md */,
				200A702D19BCBCE300C8DFA7 /* LICENSE */,
				200A702E19BCBCE300C8DFA7 /* Rakefile */,
				200A702F19BCBCE300C8DFA7 /* README.md */,
				200A706C19BCBCE300C8DFA7 /* UIKit+AFNetworking */,
			);
			path = AFNetworking;
			sourceTree = "<group>";
		};
		200A6FEB19BCBCE200C8DFA7 /* AFNetworking */ = {
			isa = PBXGroup;
			children = (
				200A6FEC19BCBCE200C8DFA7 /* AFHTTPRequestOperation.h */,
				200A6FED19BCBCE200C8DFA7 /* AFHTTPRequestOperation.m */,
				200A6FEE19BCBCE200C8DFA7 /* AFHTTPRequestOperationManager.h */,
				200A6FEF19BCBCE200C8DFA7 /* AFHTTPRequestOperationManager.m */,
				200A6FF019BCBCE200C8DFA7 /* AFHTTPSessionManager.h */,
				200A6FF119BCBCE200C8DFA7 /* AFHTTPSessionManager.m */,
				200A6FF219BCBCE200C8DFA7 /* AFNetworking.h */,
				200A6FF319BCBCE200C8DFA7 /* AFNetworkReachabilityManager.h */,
				200A6FF419BCBCE200C8DFA7 /* AFNetworkReachabilityManager.m */,
				200A6FF519BCBCE200C8DFA7 /* AFSecurityPolicy.h */,
				200A6FF619BCBCE200C8DFA7 /* AFSecurityPolicy.m */,
				200A6FF719BCBCE200C8DFA7 /* AFURLConnectionOperation.h */,
				200A6FF819BCBCE200C8DFA7 /* AFURLConnectionOperation.m */,
				200A6FF919BCBCE200C8DFA7 /* AFURLRequestSerialization.h */,
				200A6FFA19BCBCE200C8DFA7 /* AFURLRequestSerialization.m */,
				200A6FFB19BCBCE200C8DFA7 /* AFURLResponseSerialization.h */,
				200A6FFC19BCBCE200C8DFA7 /* AFURLResponseSerialization.m */,
				200A6FFD19BCBCE200C8DFA7 /* AFURLSessionManager.h */,
				200A6FFE19BCBCE200C8DFA7 /* AFURLSessionManager.m */,
			);
			path = AFNetworking;
			sourceTree = "<group>";
		};
		200A706C19BCBCE300C8DFA7 /* UIKit+AFNetworking */ = {
			isa = PBXGroup;
			children = (
				200A706D19BCBCE300C8DFA7 /* AFNetworkActivityIndicatorManager.h */,
				200A706E19BCBCE300C8DFA7 /* AFNetworkActivityIndicatorManager.m */,
				200A706F19BCBCE300C8DFA7 /* UIActivityIndicatorView+AFNetworking.h */,
				200A707019BCBCE300C8DFA7 /* UIActivityIndicatorView+AFNetworking.m */,
				200A707119BCBCE300C8DFA7 /* UIAlertView+AFNetworking.h */,
				200A707219BCBCE300C8DFA7 /* UIAlertView+AFNetworking.m */,
				200A707319BCBCE300C8DFA7 /* UIButton+AFNetworking.h */,
				200A707419BCBCE300C8DFA7 /* UIButton+AFNetworking.m */,
				200A707519BCBCE300C8DFA7 /* UIImageView+AFNetworking.h */,
				200A707619BCBCE300C8DFA7 /* UIImageView+AFNetworking.m */,
				200A707719BCBCE300C8DFA7 /* UIKit+AFNetworking.h */,
				200A707819BCBCE300C8DFA7 /* UIProgressView+AFNetworking.h */,
				200A707919BCBCE300C8DFA7 /* UIProgressView+AFNetworking.m */,
				200A707A19BCBCE300C8DFA7 /* UIRefreshControl+AFNetworking.h */,
				200A707B19BCBCE300C8DFA7 /* UIRefreshControl+AFNetworking.m */,
				200A707C19BCBCE300C8DFA7 /* UIWebView+AFNetworking.h */,
				200A707D19BCBCE300C8DFA7 /* UIWebView+AFNetworking.m */,
			);
			path = "UIKit+AFNetworking";
			sourceTree = "<group>";
		};
		202B93E519A19AE800AD3D28 /* Models */ = {
			isa = PBXGroup;
			children = (
				202B93E619A19B3800AD3D28 /* TSGlobalDataCache.h */,
				202B93E719A19B3800AD3D28 /* TSGlobalDataCache.m */,
			);
			name = Models;
			sourceTree = "<group>";
		};
		202F458A19718ED50051FCF1 /* Resources */ = {
			isa = PBXGroup;
			children = (
				203247E219B2E6E90049A246 /* login_bkg@2x.jpg */,
				203247E019B2E5030049A246 /* register_bkg@2x.jpg */,
				202F458B19718ED50051FCF1 /* 01.png */,
				202F458C19718ED50051FCF1 /* nav_title@2x.png */,
				202F458D19718ED50051FCF1 /* nav_plus@2x.png */,
				202F458E19718ED50051FCF1 /* 04.png */,
				202F458F19718ED50051FCF1 /* icon_more@2x.png */,
				202F459019718ED50051FCF1 /* home_story_icon@2x.png */,
				202F459119718ED50051FCF1 /* 07.png */,
				202F459219718ED50051FCF1 /* 12.png */,
				202F459319718ED50051FCF1 /* 13.png */,
				202F459419718ED50051FCF1 /* 14.png */,
				202F459519718ED50051FCF1 /* nav_back@2x.png */,
				202F459619718ED50051FCF1 /* home_zan@2x.png */,
				202F459719718ED50051FCF1 /* navbar@2x.png */,
				202F459819718ED50051FCF1 /* 18.png */,
				202F459919718ED50051FCF1 /* 19.png */,
				202F459A19718ED50051FCF1 /* default@2x.png */,
				202F459B19718ED50051FCF1 /* 21.png */,
				202F459C19718ED50051FCF1 /* 22.png */,
				202F459D19718ED50051FCF1 /* login_username@2x.png */,
				202F459E19718ED50051FCF1 /* login_password@2x.png */,
				202F459F19718ED50051FCF1 /* loginbg@2x.png */,
				202F45A019718ED50051FCF1 /* 26.png */,
				202F45A119718ED50051FCF1 /* 27.png */,
				202F45A219718ED50051FCF1 /* 28.png */,
				202F45A319718ED50051FCF1 /* 29.png */,
				202F45A419718ED50051FCF1 /* tabbar_image0_normal@2x.png */,
				202F45A519718ED50051FCF1 /* tabbar_image1_normal@2x.png */,
				202F45A619718ED50051FCF1 /* tabbar_image2_normal@2x.png */,
			);
			path = Resources;
			sourceTree = "<group>";
		};
		204AD37C19895BB400D787DE /* Cell */ = {
			isa = PBXGroup;
			children = (
				201166E8197C028200F9090D /* TSBasicCell.h */,
				201166E9197C028200F9090D /* TSBasicCell.m */,
				204AD37D19895BD400D787DE /* TSAuctionInfoCell.h */,
				204AD37E19895BD400D787DE /* TSAuctionInfoCell.m */,
				201F63AC198E25B700B575E6 /* TSHomeStoryCell.h */,
				201F63AD198E25B700B575E6 /* TSHomeStoryCell.m */,
				2023DFD919A0DCD0005A68AD /* TSAucitonItemCell.h */,
				2023DFDA19A0DCD0005A68AD /* TSAucitonItemCell.m */,
			);
			name = Cell;
			sourceTree = "<group>";
		};
		204AD3831989633400D787DE /* TabController */ = {
			isa = PBXGroup;
			children = (
				207A789F194DCF4400C08579 /* TSHomeViewController.h */,
				207A78A0194DCF4400C08579 /* TSHomeViewController.m */,
				204AD3801989631E00D787DE /* TSMineViewController.h */,
				204AD3811989631E00D787DE /* TSMineViewController.m */,
				201166EB197C05AA00F9090D /* TSAuctionInfoViewController.h */,
				201166EC197C05AA00F9090D /* TSAuctionInfoViewController.m */,
				205BC21F198E9D2B004206DD /* TSStoryViewController.h */,
				205BC220198E9D2B004206DD /* TSStoryViewController.m */,
				2023DFD619A0DC8C005A68AD /* TSAuctionViewController.h */,
				2023DFD719A0DC8C005A68AD /* TSAuctionViewController.m */,
				203247DD19B2E41F0049A246 /* TSLoginViewController.h */,
				203247DE19B2E41F0049A246 /* TSLoginViewController.m */,
			);
			name = TabController;
			sourceTree = "<group>";
		};
		207A785E194DCC1B00C08579 = {
			isa = PBXGroup;
			children = (
				200A6FE719BCBCE200C8DFA7 /* AFNetworking */,
				207A7870194DCC1B00C08579 /* TingShuo */,
				207A788F194DCC1C00C08579 /* TingShuoTests */,
				207A7869194DCC1B00C08579 /* Frameworks */,
				207A7868194DCC1B00C08579 /* Products */,
			);
			sourceTree = "<group>";
		};
		207A7868194DCC1B00C08579 /* Products */ = {
			isa = PBXGroup;
			children = (
				207A7867194DCC1B00C08579 /* TingShuo.app */,
				207A7888194DCC1C00C08579 /* TingShuoTests.xctest */,
			);
			name = Products;
			sourceTree = "<group>";
		};
		207A7869194DCC1B00C08579 /* Frameworks */ = {
			isa = PBXGroup;
			children = (
				200A70E419BCBEED00C8DFA7 /* SystemConfiguration.framework */,
				200A70E219BCBEE100C8DFA7 /* MobileCoreServices.framework */,
				200A70E019BCBED700C8DFA7 /* Security.framework */,
				207A786A194DCC1B00C08579 /* Foundation.framework */,
				207A786C194DCC1B00C08579 /* CoreGraphics.framework */,
				207A786E194DCC1B00C08579 /* UIKit.framework */,
				207A7889194DCC1C00C08579 /* XCTest.framework */,
			);
			name = Frameworks;
			sourceTree = "<group>";
		};
		207A7870194DCC1B00C08579 /* TingShuo */ = {
			isa = PBXGroup;
			children = (
				202B93E519A19AE800AD3D28 /* Models */,
				204AD3831989633400D787DE /* TabController */,
				204AD37C19895BB400D787DE /* Cell */,
				207A7879194DCC1B00C08579 /* AppDelegate.h */,
				207A787A194DCC1B00C08579 /* AppDelegate.m */,
				207A787C194DCC1B00C08579 /* Main.storyboard */,
				207A78A2194DD22200C08579 /* TSTabBarController.h */,
				207A78A3194DD22200C08579 /* TSTabBarController.m */,
				207A7882194DCC1B00C08579 /* Images.xcassets */,
				207A7871194DCC1B00C08579 /* Supporting Files */,
			);
			path = TingShuo;
			sourceTree = "<group>";
		};
		207A7871194DCC1B00C08579 /* Supporting Files */ = {
			isa = PBXGroup;
			children = (
				202F458A19718ED50051FCF1 /* Resources */,
				207A7872194DCC1B00C08579 /* TingShuo-Info.plist */,
				207A7873194DCC1B00C08579 /* InfoPlist.strings */,
				207A7876194DCC1B00C08579 /* main.m */,
				207A7878194DCC1B00C08579 /* TingShuo-Prefix.pch */,
			);
			name = "Supporting Files";
			sourceTree = "<group>";
		};
		207A788F194DCC1C00C08579 /* TingShuoTests */ = {
			isa = PBXGroup;
			children = (
				207A7895194DCC1C00C08579 /* TingShuoTests.m */,
				207A7890194DCC1C00C08579 /* Supporting Files */,
			);
			path = TingShuoTests;
			sourceTree = "<group>";
		};
		207A7890194DCC1C00C08579 /* Supporting Files */ = {
			isa = PBXGroup;
			children = (
				207A7891194DCC1C00C08579 /* TingShuoTests-Info.plist */,
				207A7892194DCC1C00C08579 /* InfoPlist.strings */,
			);
			name = "Supporting Files";
			sourceTree = "<group>";
		};
/* End PBXGroup section */

/* Begin PBXNativeTarget section */
		207A7866194DCC1B00C08579 /* TingShuo */ = {
			isa = PBXNativeTarget;
			buildConfigurationList = 207A7899194DCC1C00C08579 /* Build configuration list for PBXNativeTarget "TingShuo" */;
			buildPhases = (
				207A7863194DCC1B00C08579 /* Sources */,
				207A7864194DCC1B00C08579 /* Frameworks */,
				207A7865194DCC1B00C08579 /* Resources */,
			);
			buildRules = (
			);
			dependencies = (
			);
			name = TingShuo;
			productName = TingShuo;
			productReference = 207A7867194DCC1B00C08579 /* TingShuo.app */;
			productType = "com.apple.product-type.application";
		};
		207A7887194DCC1C00C08579 /* TingShuoTests */ = {
			isa = PBXNativeTarget;
			buildConfigurationList = 207A789C194DCC1C00C08579 /* Build configuration list for PBXNativeTarget "TingShuoTests" */;
			buildPhases = (
				207A7884194DCC1C00C08579 /* Sources */,
				207A7885194DCC1C00C08579 /* Frameworks */,
				207A7886194DCC1C00C08579 /* Resources */,
			);
			buildRules = (
			);
			dependencies = (
				207A788E194DCC1C00C08579 /* PBXTargetDependency */,
			);
			name = TingShuoTests;
			productName = TingShuoTests;
			productReference = 207A7888194DCC1C00C08579 /* TingShuoTests.xctest */;
			productType = "com.apple.product-type.bundle.unit-test";
		};
/* End PBXNativeTarget section */

/* Begin PBXProject section */
		207A785F194DCC1B00C08579 /* Project object */ = {
			isa = PBXProject;
			attributes = {
				LastUpgradeCheck = 0510;
				TargetAttributes = {
					207A7866194DCC1B00C08579 = {
						DevelopmentTeam = 38F3XCC23E;
					};
					207A7887194DCC1C00C08579 = {
						TestTargetID = 207A7866194DCC1B00C08579;
					};
				};
			};
			buildConfigurationList = 207A7862194DCC1B00C08579 /* Build configuration list for PBXProject "TingShuo" */;
			compatibilityVersion = "Xcode 3.2";
			developmentRegion = English;
			hasScannedForEncodings = 0;
			knownRegions = (
				en,
				Base,
			);
			mainGroup = 207A785E194DCC1B00C08579;
			productRefGroup = 207A7868194DCC1B00C08579 /* Products */;
			projectDirPath = "";
			projectRoot = "";
			targets = (
				207A7866194DCC1B00C08579 /* TingShuo */,
				207A7887194DCC1C00C08579 /* TingShuoTests */,
			);
		};
/* End PBXProject section */

/* Begin PBXResourcesBuildPhase section */
		207A7865194DCC1B00C08579 /* Resources */ = {
			isa = PBXResourcesBuildPhase;
			buildActionMask = 2147483647;
			files = (
				202F45C019718ED50051FCF1 /* tabbar_image0_normal@2x.png in Resources */,
				202F45BD19718ED50051FCF1 /* 27.png in Resources */,
				202F45B719718ED50051FCF1 /* 21.png in Resources */,
				202F45B819718ED50051FCF1 /* 22.png in Resources */,
				202F45B019718ED50051FCF1 /* 14.png in Resources */,
				202F45B319718ED50051FCF1 /* navbar@2x.png in Resources */,
				200A70A419BCBCE300C8DFA7 /* LICENSE in Resources */,
				203247E319B2E6E90049A246 /* login_bkg@2x.jpg in Resources */,
				202F45AD19718ED50051FCF1 /* 07.png in Resources */,
				200A707E19BCBCE300C8DFA7 /* .cocoadocs.yml in Resources */,
				202F45B619718ED50051FCF1 /* default@2x.png in Resources */,
				202F45A819718ED50051FCF1 /* nav_title@2x.png in Resources */,
				202F45BF19718ED50051FCF1 /* 29.png in Resources */,
				207A7883194DCC1B00C08579 /* Images.xcassets in Resources */,
				202F45B519718ED50051FCF1 /* 19.png in Resources */,
				202F45BE19718ED50051FCF1 /* 28.png in Resources */,
				200A707F19BCBCE300C8DFA7 /* .gitignore in Resources */,
				207A7875194DCC1B00C08579 /* InfoPlist.strings in Resources */,
				202F45B219718ED50051FCF1 /* home_zan@2x.png in Resources */,
				202F45A719718ED50051FCF1 /* 01.png in Resources */,
				202F45AF19718ED50051FCF1 /* 13.png in Resources */,
				202F45B119718ED50051FCF1 /* nav_back@2x.png in Resources */,
				202F45AC19718ED50051FCF1 /* home_story_icon@2x.png in Resources */,
				200A708D19BCBCE300C8DFA7 /* CONTRIBUTING.md in Resources */,
				202F45B419718ED50051FCF1 /* 18.png in Resources */,
				202F45BB19718ED50051FCF1 /* loginbg@2x.png in Resources */,
				200A708C19BCBCE300C8DFA7 /* CHANGES in Resources */,
				202F45BA19718ED50051FCF1 /* login_password@2x.png in Resources */,
				200A708B19BCBCE300C8DFA7 /* AFNetworking.xcworkspace in Resources */,
				200A708A19BCBCE300C8DFA7 /* AFNetworking.podspec in Resources */,
				202F45AA19718ED50051FCF1 /* 04.png in Resources */,
				200A70A619BCBCE300C8DFA7 /* README.md in Resources */,
				200A70A519BCBCE300C8DFA7 /* Rakefile in Resources */,
				202F45A919718ED50051FCF1 /* nav_plus@2x.png in Resources */,
				202F45C119718ED50051FCF1 /* tabbar_image1_normal@2x.png in Resources */,
				202F45BC19718ED50051FCF1 /* 26.png in Resources */,
				202F45AE19718ED50051FCF1 /* 12.png in Resources */,
				200A708019BCBCE300C8DFA7 /* .travis.yml in Resources */,
				203247E119B2E5030049A246 /* register_bkg@2x.jpg in Resources */,
				202F45AB19718ED50051FCF1 /* icon_more@2x.png in Resources */,
				202F45C219718ED50051FCF1 /* tabbar_image2_normal@2x.png in Resources */,
				207A787E194DCC1B00C08579 /* Main.storyboard in Resources */,
				202F45B919718ED50051FCF1 /* login_username@2x.png in Resources */,
			);
			runOnlyForDeploymentPostprocessing = 0;
		};
		207A7886194DCC1C00C08579 /* Resources */ = {
			isa = PBXResourcesBuildPhase;
			buildActionMask = 2147483647;
			files = (
				207A7894194DCC1C00C08579 /* InfoPlist.strings in Resources */,
			);
			runOnlyForDeploymentPostprocessing = 0;
		};
/* End PBXResourcesBuildPhase section */

/* Begin PBXSourcesBuildPhase section */
		207A7863194DCC1B00C08579 /* Sources */ = {
			isa = PBXSourcesBuildPhase;
			buildActionMask = 2147483647;
			files = (
				204AD3821989631E00D787DE /* TSMineViewController.m in Sources */,
				203247DF19B2E41F0049A246 /* TSLoginViewController.m in Sources */,
				202B93E819A19B3800AD3D28 /* TSGlobalDataCache.m in Sources */,
				207A78A1194DCF4400C08579 /* TSHomeViewController.m in Sources */,
				200A708819BCBCE300C8DFA7 /* AFURLResponseSerialization.m in Sources */,
				200A708619BCBCE300C8DFA7 /* AFURLConnectionOperation.m in Sources */,
				2023DFD819A0DC8C005A68AD /* TSAuctionViewController.m in Sources */,
				200A70D219BCBCE300C8DFA7 /* UIRefreshControl+AFNetworking.m in Sources */,
				204AD37F19895BD400D787DE /* TSAuctionInfoCell.m in Sources */,
				200A70CF19BCBCE300C8DFA7 /* UIButton+AFNetworking.m in Sources */,
				200A708219BCBCE300C8DFA7 /* AFHTTPRequestOperationManager.m in Sources */,
				200A70D119BCBCE300C8DFA7 /* UIProgressView+AFNetworking.m in Sources */,
				200A70CC19BCBCE300C8DFA7 /* AFNetworkActivityIndicatorManager.m in Sources */,
				201F63AE198E25B700B575E6 /* TSHomeStoryCell.m in Sources */,
				200A708519BCBCE300C8DFA7 /* AFSecurityPolicy.m in Sources */,
				200A70D319BCBCE300C8DFA7 /* UIWebView+AFNetworking.m in Sources */,
				207A787B194DCC1B00C08579 /* AppDelegate.m in Sources */,
				200A70D019BCBCE300C8DFA7 /* UIImageView+AFNetworking.m in Sources */,
				207A78A4194DD22200C08579 /* TSTabBarController.m in Sources */,
				200A708719BCBCE300C8DFA7 /* AFURLRequestSerialization.m in Sources */,
				200A708419BCBCE300C8DFA7 /* AFNetworkReachabilityManager.m in Sources */,
				201166EA197C028200F9090D /* TSBasicCell.m in Sources */,
				205BC221198E9D2B004206DD /* TSStoryViewController.m in Sources */,
				207A7877194DCC1B00C08579 /* main.m in Sources */,
				200A708119BCBCE300C8DFA7 /* AFHTTPRequestOperation.m in Sources */,
				201166ED197C05AA00F9090D /* TSAuctionInfoViewController.m in Sources */,
				200A708319BCBCE300C8DFA7 /* AFHTTPSessionManager.m in Sources */,
				200A70CE19BCBCE300C8DFA7 /* UIAlertView+AFNetworking.m in Sources */,
				2023DFDB19A0DCD0005A68AD /* TSAucitonItemCell.m in Sources */,
				200A708919BCBCE300C8DFA7 /* AFURLSessionManager.m in Sources */,
				200A70CD19BCBCE300C8DFA7 /* UIActivityIndicatorView+AFNetworking.m in Sources */,
			);
			runOnlyForDeploymentPostprocessing = 0;
		};
		207A7884194DCC1C00C08579 /* Sources */ = {
			isa = PBXSourcesBuildPhase;
			buildActionMask = 2147483647;
			files = (
				207A7896194DCC1C00C08579 /* TingShuoTests.m in Sources */,
			);
			runOnlyForDeploymentPostprocessing = 0;
		};
/* End PBXSourcesBuildPhase section */

/* Begin PBXTargetDependency section */
		207A788E194DCC1C00C08579 /* PBXTargetDependency */ = {
			isa = PBXTargetDependency;
			target = 207A7866194DCC1B00C08579 /* TingShuo */;
			targetProxy = 207A788D194DCC1C00C08579 /* PBXContainerItemProxy */;
		};
/* End PBXTargetDependency section */

/* Begin PBXVariantGroup section */
		207A7873194DCC1B00C08579 /* InfoPlist.strings */ = {
			isa = PBXVariantGroup;
			children = (
				207A7874194DCC1B00C08579 /* en */,
			);
			name = InfoPlist.strings;
			sourceTree = "<group>";
		};
		207A787C194DCC1B00C08579 /* Main.storyboard */ = {
			isa = PBXVariantGroup;
			children = (
				207A787D194DCC1B00C08579 /* Base */,
			);
			name = Main.storyboard;
			sourceTree = "<group>";
		};
		207A7892194DCC1C00C08579 /* InfoPlist.strings */ = {
			isa = PBXVariantGroup;
			children = (
				207A7893194DCC1C00C08579 /* en */,
			);
			name = InfoPlist.strings;
			sourceTree = "<group>";
		};
/* End PBXVariantGroup section */

/* Begin XCBuildConfiguration section */
		207A7897194DCC1C00C08579 /* Debug */ = {
			isa = XCBuildConfiguration;
			buildSettings = {
				ALWAYS_SEARCH_USER_PATHS = NO;
				CLANG_CXX_LANGUAGE_STANDARD = "gnu++0x";
				CLANG_CXX_LIBRARY = "libc++";
				CLANG_ENABLE_MODULES = YES;
				CLANG_ENABLE_OBJC_ARC = YES;
				CLANG_WARN_BOOL_CONVERSION = YES;
				CLANG_WARN_CONSTANT_CONVERSION = YES;
				CLANG_WARN_DIRECT_OBJC_ISA_USAGE = YES_ERROR;
				CLANG_WARN_EMPTY_BODY = YES;
				CLANG_WARN_ENUM_CONVERSION = YES;
				CLANG_WARN_INT_CONVERSION = YES;
				CLANG_WARN_OBJC_ROOT_CLASS = YES_ERROR;
				CLANG_WARN__DUPLICATE_METHOD_MATCH = YES;
				"CODE_SIGN_IDENTITY[sdk=iphoneos*]" = "iPhone Developer";
				COPY_PHASE_STRIP = NO;
				GCC_C_LANGUAGE_STANDARD = gnu99;
				GCC_DYNAMIC_NO_PIC = NO;
				GCC_OPTIMIZATION_LEVEL = 0;
				GCC_PREPROCESSOR_DEFINITIONS = (
					"DEBUG=1",
					"$(inherited)",
				);
				GCC_SYMBOLS_PRIVATE_EXTERN = NO;
				GCC_WARN_64_TO_32_BIT_CONVERSION = YES;
				GCC_WARN_ABOUT_RETURN_TYPE = YES_ERROR;
				GCC_WARN_UNDECLARED_SELECTOR = YES;
				GCC_WARN_UNINITIALIZED_AUTOS = YES_AGGRESSIVE;
				GCC_WARN_UNUSED_FUNCTION = YES;
				GCC_WARN_UNUSED_VARIABLE = YES;
				IPHONEOS_DEPLOYMENT_TARGET = 7.1;
				ONLY_ACTIVE_ARCH = YES;
				SDKROOT = iphoneos;
			};
			name = Debug;
		};
		207A7898194DCC1C00C08579 /* Release */ = {
			isa = XCBuildConfiguration;
			buildSettings = {
				ALWAYS_SEARCH_USER_PATHS = NO;
				CLANG_CXX_LANGUAGE_STANDARD = "gnu++0x";
				CLANG_CXX_LIBRARY = "libc++";
				CLANG_ENABLE_MODULES = YES;
				CLANG_ENABLE_OBJC_ARC = YES;
				CLANG_WARN_BOOL_CONVERSION = YES;
				CLANG_WARN_CONSTANT_CONVERSION = YES;
				CLANG_WARN_DIRECT_OBJC_ISA_USAGE = YES_ERROR;
				CLANG_WARN_EMPTY_BODY = YES;
				CLANG_WARN_ENUM_CONVERSION = YES;
				CLANG_WARN_INT_CONVERSION = YES;
				CLANG_WARN_OBJC_ROOT_CLASS = YES_ERROR;
				CLANG_WARN__DUPLICATE_METHOD_MATCH = YES;
				"CODE_SIGN_IDENTITY[sdk=iphoneos*]" = "iPhone Developer";
				COPY_PHASE_STRIP = YES;
				ENABLE_NS_ASSERTIONS = NO;
				GCC_C_LANGUAGE_STANDARD = gnu99;
				GCC_WARN_64_TO_32_BIT_CONVERSION = YES;
				GCC_WARN_ABOUT_RETURN_TYPE = YES_ERROR;
				GCC_WARN_UNDECLARED_SELECTOR = YES;
				GCC_WARN_UNINITIALIZED_AUTOS = YES_AGGRESSIVE;
				GCC_WARN_UNUSED_FUNCTION = YES;
				GCC_WARN_UNUSED_VARIABLE = YES;
				IPHONEOS_DEPLOYMENT_TARGET = 7.1;
				SDKROOT = iphoneos;
				VALIDATE_PRODUCT = YES;
			};
			name = Release;
		};
		207A789A194DCC1C00C08579 /* Debug */ = {
			isa = XCBuildConfiguration;
			buildSettings = {
				ASSETCATALOG_COMPILER_APPICON_NAME = AppIcon;
				ASSETCATALOG_COMPILER_LAUNCHIMAGE_NAME = LaunchImage;
				CODE_SIGN_IDENTITY = "iPhone Developer";
				"CODE_SIGN_IDENTITY[sdk=iphoneos*]" = "iPhone Developer";
				FRAMEWORK_SEARCH_PATHS = (
					"$(inherited)",
					"$(DEVELOPER_FRAMEWORKS_DIR)",
				);
				GCC_PRECOMPILE_PREFIX_HEADER = YES;
				GCC_PREFIX_HEADER = "TingShuo/TingShuo-Prefix.pch";
				INFOPLIST_FILE = "TingShuo/TingShuo-Info.plist";
				IPHONEOS_DEPLOYMENT_TARGET = 7.1;
				PRODUCT_NAME = "$(TARGET_NAME)";
				PROVISIONING_PROFILE = "";
				TARGETED_DEVICE_FAMILY = "1,2";
				WRAPPER_EXTENSION = app;
			};
			name = Debug;
		};
		207A789B194DCC1C00C08579 /* Release */ = {
			isa = XCBuildConfiguration;
			buildSettings = {
				ASSETCATALOG_COMPILER_APPICON_NAME = AppIcon;
				ASSETCATALOG_COMPILER_LAUNCHIMAGE_NAME = LaunchImage;
				CODE_SIGN_IDENTITY = "iPhone Developer";
				"CODE_SIGN_IDENTITY[sdk=iphoneos*]" = "iPhone Developer";
				FRAMEWORK_SEARCH_PATHS = (
					"$(inherited)",
					"$(DEVELOPER_FRAMEWORKS_DIR)",
				);
				GCC_PRECOMPILE_PREFIX_HEADER = YES;
				GCC_PREFIX_HEADER = "TingShuo/TingShuo-Prefix.pch";
				INFOPLIST_FILE = "TingShuo/TingShuo-Info.plist";
				IPHONEOS_DEPLOYMENT_TARGET = 7.1;
				PRODUCT_NAME = "$(TARGET_NAME)";
				PROVISIONING_PROFILE = "";
				TARGETED_DEVICE_FAMILY = "1,2";
				WRAPPER_EXTENSION = app;
			};
			name = Release;
		};
		207A789D194DCC1C00C08579 /* Debug */ = {
			isa = XCBuildConfiguration;
			buildSettings = {
				BUNDLE_LOADER = "$(BUILT_PRODUCTS_DIR)/TingShuo.app/TingShuo";
				FRAMEWORK_SEARCH_PATHS = (
					"$(SDKROOT)/Developer/Library/Frameworks",
					"$(inherited)",
					"$(DEVELOPER_FRAMEWORKS_DIR)",
				);
				GCC_PRECOMPILE_PREFIX_HEADER = YES;
				GCC_PREFIX_HEADER = "TingShuo/TingShuo-Prefix.pch";
				GCC_PREPROCESSOR_DEFINITIONS = (
					"DEBUG=1",
					"$(inherited)",
				);
				INFOPLIST_FILE = "TingShuoTests/TingShuoTests-Info.plist";
				PRODUCT_NAME = "$(TARGET_NAME)";
				TEST_HOST = "$(BUNDLE_LOADER)";
				WRAPPER_EXTENSION = xctest;
			};
			name = Debug;
		};
		207A789E194DCC1C00C08579 /* Release */ = {
			isa = XCBuildConfiguration;
			buildSettings = {
				BUNDLE_LOADER = "$(BUILT_PRODUCTS_DIR)/TingShuo.app/TingShuo";
				FRAMEWORK_SEARCH_PATHS = (
					"$(SDKROOT)/Developer/Library/Frameworks",
					"$(inherited)",
					"$(DEVELOPER_FRAMEWORKS_DIR)",
				);
				GCC_PRECOMPILE_PREFIX_HEADER = YES;
				GCC_PREFIX_HEADER = "TingShuo/TingShuo-Prefix.pch";
				INFOPLIST_FILE = "TingShuoTests/TingShuoTests-Info.plist";
				PRODUCT_NAME = "$(TARGET_NAME)";
				TEST_HOST = "$(BUNDLE_LOADER)";
				WRAPPER_EXTENSION = xctest;
			};
			name = Release;
		};
/* End XCBuildConfiguration section */

/* Begin XCConfigurationList section */
		207A7862194DCC1B00C08579 /* Build configuration list for PBXProject "TingShuo" */ = {
			isa = XCConfigurationList;
			buildConfigurations = (
				207A7897194DCC1C00C08579 /* Debug */,
				207A7898194DCC1C00C08579 /* Release */,
			);
			defaultConfigurationIsVisible = 0;
			defaultConfigurationName = Release;
		};
		207A7899194DCC1C00C08579 /* Build configuration list for PBXNativeTarget "TingShuo" */ = {
			isa = XCConfigurationList;
			buildConfigurations = (
				207A789A194DCC1C00C08579 /* Debug */,
				207A789B194DCC1C00C08579 /* Release */,
			);
			defaultConfigurationIsVisible = 0;
			defaultConfigurationName = Release;
		};
		207A789C194DCC1C00C08579 /* Build configuration list for PBXNativeTarget "TingShuoTests" */ = {
			isa = XCConfigurationList;
			buildConfigurations = (
				207A789D194DCC1C00C08579 /* Debug */,
				207A789E194DCC1C00C08579 /* Release */,
			);
			defaultConfigurationIsVisible = 0;
			defaultConfigurationName = Release;
		};
/* End XCConfigurationList section */
	};
	rootObject = 207A785F194DCC1B00C08579 /* Project object */;
}
